
Microsoft Visual Studio Solution File, Format Version 12.00
# Visual Studio Version 17
VisualStudioVersion = 17.9.34701.34
MinimumVisualStudioVersion = 10.0.40219.1
Project("{FAE04EC0-301F-11D3-BF4B-00C04F79EFBC}") = "Financeillow", "Financeillow.csproj", "{2E9C9166-DEF7-4465-AF82-9D01FA8AEF1A}"
EndProject
Global
	GlobalSection(SolutionConfigurationPlatforms) = preSolution
		Debug|Any CPU = Debug|Any CPU
		Release|Any CPU = Release|Any CPU
	EndGlobalSection
	GlobalSection(ProjectConfigurationPlatforms) = postSolution
		{2E9C9166-DEF7-4465-AF82-9D01FA8AEF1A}.Debug|Any CPU.ActiveCfg = Debug|Any CPU
		{2E9C9166-DEF7-4465-AF82-9D01FA8AEF1A}.Debug|Any CPU.Build.0 = Debug|Any CPU
		{2E9C9166-DEF7-4465-AF82-9D01FA8AEF1A}.Release|Any CPU.ActiveCfg = Release|Any CPU
		{2E9C9166-DEF7-4465-AF82-9D01FA8AEF1A}.Release|Any CPU.Build.0 = Release|Any CPU
	EndGlobalSection
	GlobalSection(SolutionProperties) = preSolution
		HideSolutionNode = FALSE
	EndGlobalSection
	GlobalSection(ExtensibilityGlobals) = postSolution
		SolutionGuid = {5E832FF4-FC82-49D9-AE0F-2B5EBFCF4E35}
	EndGlobalSection
EndGlobal
