
Microsoft Visual Studio Solution File, Format Version 12.00
# Visual Studio Version 17
VisualStudioVersion = 17.9.34701.34
MinimumVisualStudioVersion = 10.0.40219.1
Project("{FAE04EC0-301F-11D3-BF4B-00C04F79EFBC}") = "Data", "Data.csproj", "{C5C36974-6490-4CA9-8304-2CC42A33AD2B}"
EndProject
Global
	GlobalSection(SolutionConfigurationPlatforms) = preSolution
		Debug|Any CPU = Debug|Any CPU
		Release|Any CPU = Release|Any CPU
	EndGlobalSection
	GlobalSection(ProjectConfigurationPlatforms) = postSolution
		{C5C36974-6490-4CA9-8304-2CC42A33AD2B}.Debug|Any CPU.ActiveCfg = Debug|Any CPU
		{C5C36974-6490-4CA9-8304-2CC42A33AD2B}.Debug|Any CPU.Build.0 = Debug|Any CPU
		{C5C36974-6490-4CA9-8304-2CC42A33AD2B}.Release|Any CPU.ActiveCfg = Release|Any CPU
		{C5C36974-6490-4CA9-8304-2CC42A33AD2B}.Release|Any CPU.Build.0 = Release|Any CPU
	EndGlobalSection
	GlobalSection(SolutionProperties) = preSolution
		HideSolutionNode = FALSE
	EndGlobalSection
	GlobalSection(ExtensibilityGlobals) = postSolution
		SolutionGuid = {8B23D705-C0C6-492F-902E-C1FEDB23BC16}
	EndGlobalSection
EndGlobal
